
Microsoft Visual Studio Solution File, Format Version 12.00
# Visual Studio Version 16
VisualStudioVersion = 16.0.30320.27
MinimumVisualStudioVersion = 10.0.40219.1
Project("{8BC9CEB8-8B4A-11D0-8D11-00A0C91BC942}") = "laba1", "laba1.vcxproj", "{50268BBE-8381-4934-8935-0A5F80FA3DBF}"
EndProject
Global
	GlobalSection(SolutionConfigurationPlatforms) = preSolution
		Debug|x64 = Debug|x64
		Debug|x86 = Debug|x86
		Release|x64 = Release|x64
		Release|x86 = Release|x86
	EndGlobalSection
	GlobalSection(ProjectConfigurationPlatforms) = postSolution
		{50268BBE-8381-4934-8935-0A5F80FA3DBF}.Debug|x64.ActiveCfg = Debug|x64
		{50268BBE-8381-4934-8935-0A5F80FA3DBF}.Debug|x64.Build.0 = Debug|x64
		{50268BBE-8381-4934-8935-0A5F80FA3DBF}.Debug|x86.ActiveCfg = Debug|Win32
		{50268BBE-8381-4934-8935-0A5F80FA3DBF}.Debug|x86.Build.0 = Debug|Win32
		{50268BBE-8381-4934-8935-0A5F80FA3DBF}.Release|x64.ActiveCfg = Release|x64
		{50268BBE-8381-4934-8935-0A5F80FA3DBF}.Release|x64.Build.0 = Release|x64
		{50268BBE-8381-4934-8935-0A5F80FA3DBF}.Release|x86.ActiveCfg = Release|Win32
		{50268BBE-8381-4934-8935-0A5F80FA3DBF}.Release|x86.Build.0 = Release|Win32
	EndGlobalSection
	GlobalSection(SolutionProperties) = preSolution
		HideSolutionNode = FALSE
	EndGlobalSection
	GlobalSection(ExtensibilityGlobals) = postSolution
		SolutionGuid = {9863EECD-8011-453C-BD4F-9B765382F4E8}
	EndGlobalSection
EndGlobal
